
Microsoft Visual Studio Solution File, Format Version 12.00
# Visual Studio Version 16
VisualStudioVersion = 16.0.31729.503
MinimumVisualStudioVersion = 10.0.40219.1
Project("{9A19103F-16F7-4668-BE54-9A1E7A4F7556}") = "NetTools", "NetTools\NetTools.csproj", "{696081B4-9AF3-4A2E-98E5-A619266352E2}"
EndProject
Project("{FAE04EC0-301F-11D3-BF4B-00C04F79EFBC}") = "NetTools.Tests", "NetTools.Tests\NetTools.Tests.csproj", "{F45094AC-DAE6-459E-809D-6BB1C6B5F864}"
EndProject
Global
	GlobalSection(SolutionConfigurationPlatforms) = preSolution
		Debug|Any CPU = Debug|Any CPU
		Release|Any CPU = Release|Any CPU
	EndGlobalSection
	GlobalSection(ProjectConfigurationPlatforms) = postSolution
		{696081B4-9AF3-4A2E-98E5-A619266352E2}.Debug|Any CPU.ActiveCfg = Debug|Any CPU
		{696081B4-9AF3-4A2E-98E5-A619266352E2}.Debug|Any CPU.Build.0 = Debug|Any CPU
		{696081B4-9AF3-4A2E-98E5-A619266352E2}.Release|Any CPU.ActiveCfg = Release|Any CPU
		{696081B4-9AF3-4A2E-98E5-A619266352E2}.Release|Any CPU.Build.0 = Release|Any CPU
		{F45094AC-DAE6-459E-809D-6BB1C6B5F864}.Debug|Any CPU.ActiveCfg = Debug|Any CPU
		{F45094AC-DAE6-459E-809D-6BB1C6B5F864}.Debug|Any CPU.Build.0 = Debug|Any CPU
		{F45094AC-DAE6-459E-809D-6BB1C6B5F864}.Release|Any CPU.ActiveCfg = Release|Any CPU
		{F45094AC-DAE6-459E-809D-6BB1C6B5F864}.Release|Any CPU.Build.0 = Release|Any CPU
	EndGlobalSection
	GlobalSection(SolutionProperties) = preSolution
		HideSolutionNode = FALSE
	EndGlobalSection
	GlobalSection(ExtensibilityGlobals) = postSolution
		SolutionGuid = {DCDC3560-FE46-4D09-95E7-587F558051D5}
	EndGlobalSection
EndGlobal
